
Microsoft Visual Studio Solution File, Format Version 12.00
# Visual Studio 15
VisualStudioVersion = 15.0.26124.0
MinimumVisualStudioVersion = 15.0.26124.0
Project("{FAE04EC0-301F-11D3-BF4B-00C04F79EFBC}") = "Nexaas.ID.Client", "scr\Nexaas.ID.Client\Nexaas.ID.Client.csproj", "{3CD899AF-0D78-48CD-9E45-CA65D4F2FDE7}"
EndProject
Project("{FAE04EC0-301F-11D3-BF4B-00C04F79EFBC}") = "Nexaas.ID.Client.Tests", "tests\Nexaas.ID.Client.Tests\Nexaas.ID.Client.Tests.csproj", "{03CF6153-4484-4AEF-A645-7DA54BEC25D1}"
EndProject
Project("{2150E333-8FDC-42A3-9474-1A3956D46DE8}") = "Client", "Client", "{83BB4246-550C-410C-8496-BF97DCCE64DA}"
EndProject
Project("{2150E333-8FDC-42A3-9474-1A3956D46DE8}") = "Tests", "Tests", "{3FBF3C32-41B3-4157-A423-A0CD726B539C}"
EndProject
Project("{2150E333-8FDC-42A3-9474-1A3956D46DE8}") = "Examples", "Examples", "{47A530C7-043A-4B6A-ADDB-3256D89C9851}"
EndProject
Project("{FAE04EC0-301F-11D3-BF4B-00C04F79EFBC}") = "MvcNexaasIDClient", "examples\MvcNexaasIDClient\MvcNexaasIDClient.csproj", "{8ED628DB-7C70-47D4-A784-0FD722BCD8E8}"
EndProject
Global
	GlobalSection(SolutionConfigurationPlatforms) = preSolution
		Debug|Any CPU = Debug|Any CPU
		Debug|x64 = Debug|x64
		Debug|x86 = Debug|x86
		Release|Any CPU = Release|Any CPU
		Release|x64 = Release|x64
		Release|x86 = Release|x86
	EndGlobalSection
	GlobalSection(SolutionProperties) = preSolution
		HideSolutionNode = FALSE
	EndGlobalSection
	GlobalSection(ProjectConfigurationPlatforms) = postSolution
		{3CD899AF-0D78-48CD-9E45-CA65D4F2FDE7}.Debug|Any CPU.ActiveCfg = Debug|Any CPU
		{3CD899AF-0D78-48CD-9E45-CA65D4F2FDE7}.Debug|Any CPU.Build.0 = Debug|Any CPU
		{3CD899AF-0D78-48CD-9E45-CA65D4F2FDE7}.Debug|x64.ActiveCfg = Debug|Any CPU
		{3CD899AF-0D78-48CD-9E45-CA65D4F2FDE7}.Debug|x64.Build.0 = Debug|Any CPU
		{3CD899AF-0D78-48CD-9E45-CA65D4F2FDE7}.Debug|x86.ActiveCfg = Debug|Any CPU
		{3CD899AF-0D78-48CD-9E45-CA65D4F2FDE7}.Debug|x86.Build.0 = Debug|Any CPU
		{3CD899AF-0D78-48CD-9E45-CA65D4F2FDE7}.Release|Any CPU.ActiveCfg = Release|Any CPU
		{3CD899AF-0D78-48CD-9E45-CA65D4F2FDE7}.Release|Any CPU.Build.0 = Release|Any CPU
		{3CD899AF-0D78-48CD-9E45-CA65D4F2FDE7}.Release|x64.ActiveCfg = Release|Any CPU
		{3CD899AF-0D78-48CD-9E45-CA65D4F2FDE7}.Release|x64.Build.0 = Release|Any CPU
		{3CD899AF-0D78-48CD-9E45-CA65D4F2FDE7}.Release|x86.ActiveCfg = Release|Any CPU
		{3CD899AF-0D78-48CD-9E45-CA65D4F2FDE7}.Release|x86.Build.0 = Release|Any CPU
		{03CF6153-4484-4AEF-A645-7DA54BEC25D1}.Debug|Any CPU.ActiveCfg = Debug|Any CPU
		{03CF6153-4484-4AEF-A645-7DA54BEC25D1}.Debug|Any CPU.Build.0 = Debug|Any CPU
		{03CF6153-4484-4AEF-A645-7DA54BEC25D1}.Debug|x64.ActiveCfg = Debug|Any CPU
		{03CF6153-4484-4AEF-A645-7DA54BEC25D1}.Debug|x64.Build.0 = Debug|Any CPU
		{03CF6153-4484-4AEF-A645-7DA54BEC25D1}.Debug|x86.ActiveCfg = Debug|Any CPU
		{03CF6153-4484-4AEF-A645-7DA54BEC25D1}.Debug|x86.Build.0 = Debug|Any CPU
		{03CF6153-4484-4AEF-A645-7DA54BEC25D1}.Release|Any CPU.ActiveCfg = Release|Any CPU
		{03CF6153-4484-4AEF-A645-7DA54BEC25D1}.Release|Any CPU.Build.0 = Release|Any CPU
		{03CF6153-4484-4AEF-A645-7DA54BEC25D1}.Release|x64.ActiveCfg = Release|Any CPU
		{03CF6153-4484-4AEF-A645-7DA54BEC25D1}.Release|x64.Build.0 = Release|Any CPU
		{03CF6153-4484-4AEF-A645-7DA54BEC25D1}.Release|x86.ActiveCfg = Release|Any CPU
		{03CF6153-4484-4AEF-A645-7DA54BEC25D1}.Release|x86.Build.0 = Release|Any CPU
		{8ED628DB-7C70-47D4-A784-0FD722BCD8E8}.Debug|Any CPU.ActiveCfg = Debug|Any CPU
		{8ED628DB-7C70-47D4-A784-0FD722BCD8E8}.Debug|Any CPU.Build.0 = Debug|Any CPU
		{8ED628DB-7C70-47D4-A784-0FD722BCD8E8}.Debug|x64.ActiveCfg = Debug|Any CPU
		{8ED628DB-7C70-47D4-A784-0FD722BCD8E8}.Debug|x64.Build.0 = Debug|Any CPU
		{8ED628DB-7C70-47D4-A784-0FD722BCD8E8}.Debug|x86.ActiveCfg = Debug|Any CPU
		{8ED628DB-7C70-47D4-A784-0FD722BCD8E8}.Debug|x86.Build.0 = Debug|Any CPU
		{8ED628DB-7C70-47D4-A784-0FD722BCD8E8}.Release|Any CPU.ActiveCfg = Release|Any CPU
		{8ED628DB-7C70-47D4-A784-0FD722BCD8E8}.Release|Any CPU.Build.0 = Release|Any CPU
		{8ED628DB-7C70-47D4-A784-0FD722BCD8E8}.Release|x64.ActiveCfg = Release|Any CPU
		{8ED628DB-7C70-47D4-A784-0FD722BCD8E8}.Release|x64.Build.0 = Release|Any CPU
		{8ED628DB-7C70-47D4-A784-0FD722BCD8E8}.Release|x86.ActiveCfg = Release|Any CPU
		{8ED628DB-7C70-47D4-A784-0FD722BCD8E8}.Release|x86.Build.0 = Release|Any CPU
	EndGlobalSection
	GlobalSection(NestedProjects) = preSolution
		{3CD899AF-0D78-48CD-9E45-CA65D4F2FDE7} = {83BB4246-550C-410C-8496-BF97DCCE64DA}
		{03CF6153-4484-4AEF-A645-7DA54BEC25D1} = {3FBF3C32-41B3-4157-A423-A0CD726B539C}
		{8ED628DB-7C70-47D4-A784-0FD722BCD8E8} = {47A530C7-043A-4B6A-ADDB-3256D89C9851}
	EndGlobalSection
EndGlobal
